
Microsoft Visual Studio Solution File, Format Version 12.00
# Visual Studio Version 17
VisualStudioVersion = 17.10.35013.160
MinimumVisualStudioVersion = 10.0.40219.1
Project("{FAE04EC0-301F-11D3-BF4B-00C04F79EFBC}") = "Airdrops.Mint.Scheduler", "Airdrops.Mint.Scheduler\Airdrops.Mint.Scheduler.csproj", "{7B3483B3-041A-4B67-B9C4-A825B6CE7D00}"
EndProject
Global
	GlobalSection(SolutionConfigurationPlatforms) = preSolution
		Debug|Any CPU = Debug|Any CPU
		Release|Any CPU = Release|Any CPU
	EndGlobalSection
	GlobalSection(ProjectConfigurationPlatforms) = postSolution
		{7B3483B3-041A-4B67-B9C4-A825B6CE7D00}.Debug|Any CPU.ActiveCfg = Debug|Any CPU
		{7B3483B3-041A-4B67-B9C4-A825B6CE7D00}.Debug|Any CPU.Build.0 = Debug|Any CPU
		{7B3483B3-041A-4B67-B9C4-A825B6CE7D00}.Release|Any CPU.ActiveCfg = Release|Any CPU
		{7B3483B3-041A-4B67-B9C4-A825B6CE7D00}.Release|Any CPU.Build.0 = Release|Any CPU
	EndGlobalSection
	GlobalSection(SolutionProperties) = preSolution
		HideSolutionNode = FALSE
	EndGlobalSection
	GlobalSection(ExtensibilityGlobals) = postSolution
		SolutionGuid = {2F4F2845-ED8C-4D8E-BD44-A2F3F5E4D056}
	EndGlobalSection
EndGlobal
